[[package]]
category = "main"
description = "DB API Module for ODBC"
name = "pyodbc"
optional = false
python-versions = "*"
version = "4.0.27"

[[package]]
category = "main"
description = "Database Abstraction Library"
name = "sqlalchemy"
optional = false
python-versions = ">3.4"
version = "1.3.11"

[metadata]
content-hash = "eaf691086aa6aa8f20ffea815b384a81e7b4cd305b5fcd9ecb3dc2f4f0972bfe"
python-versions = "*"

[metadata.hashes]
pyodbc = ["1b87eddbd50a8ef2703ca98dae69e3c83b04aaa7be0f5ae2d8a16fc56f6fe33c", "2b5628e1bb56e60f22514b058b591a60b013fcfa5c6d712265608cc0e089a2cd", "3e4a24a5136f631b7097f1fd457cb9c4f4fed2e92101f98040b6d09f7b71eb52", "52a3a0bc7907cdc0445678c31504cdabfde5ca7b045861ab1182f32064ff9b57", "561a09f26bc3d7dfb1289758c5986ed2dffd5a255cbbca691f23b65089290585", "7272ddd060f98bfe4bcb932a82054bdee1f93b22df521b6279dd45b9af75d046", "7340c360d40f7b28de1f331a7737cdea0429982651ab09014942d62acb08a7c2", "ad442d09a22cf9cdf196747536c66655e0c0aa26acb6d011310bf7be1c8b4395", "b213a6a4f0e8edcb6fb4fba39c0f55352f59a37fe4d423fd6c1c30396bd92434", "b7cd40840645f44c0aca5ea58d501c4d06621d1f1ec261c43e4d72e0a0aa37b4", "c059fda16b106b3cd6715ee4e2b863b367e567fd17f8eba8f1a47e5d3d1c2457", "c348a3767fc7c729a541bb3a8cf12e944153f715c50fc7898aa7ab2e26b350ec", "cc47196dec430c9832ea5349eacbb3942431eff4b3432fc2a146013715ba9862", "f1fd237342fe1d716f00cb09cbf6d84c4e7efb011361a662a8480e27d8f5bba0"]
sqlalchemy = ["afa5541e9dea8ad0014251bc9d56171ca3d8b130c9627c6cb3681cff30be3f8a"]
